
Microsoft Visual Studio Solution File, Format Version 12.00
# Visual Studio Version 17
VisualStudioVersion = 17.0.32014.148
MinimumVisualStudioVersion = 10.0.40219.1
Project("{FAE04EC0-301F-11D3-BF4B-00C04F79EFBC}") = "CyanVideos", "CyanVideos\CyanVideos.csproj", "{F65C82E2-2E00-4A3C-9E7F-CE410757665F}"
EndProject
Global
	GlobalSection(SolutionConfigurationPlatforms) = preSolution
		Debug|Any CPU = Debug|Any CPU
		Release_null|Any CPU = Release_null|Any CPU
		Release|Any CPU = Release|Any CPU
	EndGlobalSection
	GlobalSection(ProjectConfigurationPlatforms) = postSolution
		{F65C82E2-2E00-4A3C-9E7F-CE410757665F}.Debug|Any CPU.ActiveCfg = Debug|Any CPU
		{F65C82E2-2E00-4A3C-9E7F-CE410757665F}.Debug|Any CPU.Build.0 = Debug|Any CPU
		{F65C82E2-2E00-4A3C-9E7F-CE410757665F}.Release_null|Any CPU.ActiveCfg = Release_null|Any CPU
		{F65C82E2-2E00-4A3C-9E7F-CE410757665F}.Release_null|Any CPU.Build.0 = Release_null|Any CPU
		{F65C82E2-2E00-4A3C-9E7F-CE410757665F}.Release|Any CPU.ActiveCfg = Release|Any CPU
		{F65C82E2-2E00-4A3C-9E7F-CE410757665F}.Release|Any CPU.Build.0 = Release|Any CPU
	EndGlobalSection
	GlobalSection(SolutionProperties) = preSolution
		HideSolutionNode = FALSE
	EndGlobalSection
	GlobalSection(ExtensibilityGlobals) = postSolution
		SolutionGuid = {F94F3E06-01AC-493C-9C8E-B65BF1F6BA99}
	EndGlobalSection
EndGlobal
